// !$*UTF8*$!
{
	archiveVersion = 1;
	classes = {
	};
	objectVersion = 77;
	objects = {

/* Begin PBXBuildFile section */
		8C3C81822D29612E00A5F7D5 /* Alamofire in Frameworks */ = {isa = PBXBuildFile; productRef = 8C3C81812D29612E00A5F7D5 /* Alamofire */; };
		8C3C81842D29613900A5F7D5 /* FeedKit in Frameworks */ = {isa = PBXBuildFile; productRef = 8C3C81832D29613900A5F7D5 /* FeedKit */; };
		8C9158552D33DCD0000E82E5 /* Toast in Frameworks */ = {isa = PBXBuildFile; productRef = 8C9158542D33DCD0000E82E5 /* Toast */; };
/* End PBXBuildFile section */

/* Begin PBXContainerItemProxy section */
		8CFF96122D2960B6005CA3BD /* PBXContainerItemProxy */ = {
			isa = PBXContainerItemProxy;
			containerPortal = 8CFF95F72D2960B5005CA3BD /* Project object */;
			proxyType = 1;
			remoteGlobalIDString = 8CFF95FE2D2960B5005CA3BD;
			remoteInfo = RLLM;
		};
		8CFF961C2D2960B6005CA3BD /* PBXContainerItemProxy */ = {
			isa = PBXContainerItemProxy;
			containerPortal = 8CFF95F72D2960B5005CA3BD /* Project object */;
			proxyType = 1;
			remoteGlobalIDString = 8CFF95FE2D2960B5005CA3BD;
			remoteInfo = RLLM;
		};
/* End PBXContainerItemProxy section */

/* Begin PBXFileReference section */
		8CFF95FF2D2960B5005CA3BD /* RLLM.app */ = {isa = PBXFileReference; explicitFileType = wrapper.application; includeInIndex = 0; path = RLLM.app; sourceTree = BUILT_PRODUCTS_DIR; };
		8CFF96112D2960B6005CA3BD /* RLLMTests.xctest */ = {isa = PBXFileReference; explicitFileType = wrapper.cfbundle; includeInIndex = 0; path = RLLMTests.xctest; sourceTree = BUILT_PRODUCTS_DIR; };
		8CFF961B2D2960B6005CA3BD /* RLLMUITests.xctest */ = {isa = PBXFileReference; explicitFileType = wrapper.cfbundle; includeInIndex = 0; path = RLLMUITests.xctest; sourceTree = BUILT_PRODUCTS_DIR; };
/* End PBXFileReference section */

/* Begin PBXFileSystemSynchronizedBuildFileExceptionSet section */
		8C7E366E2D2C3E2900CE807C /* Exceptions for "RLLM" folder in "RLLM" target */ = {
			isa = PBXFileSystemSynchronizedBuildFileExceptionSet;
			membershipExceptions = (
				Assets.xcassets,
				Info.plist,
				Info.plist.bak,
				"Preview Content/Preview Assets.xcassets",
			);
			target = 8CFF95FE2D2960B5005CA3BD /* RLLM */;
		};
/* End PBXFileSystemSynchronizedBuildFileExceptionSet section */

/* Begin PBXFileSystemSynchronizedGroupBuildPhaseMembershipExceptionSet section */
		8C7E36702D2C3E2D00CE807C /* Exceptions for "RLLM" folder in "Compile Sources" phase from "RLLM" target */ = {
			isa = PBXFileSystemSynchronizedGroupBuildPhaseMembershipExceptionSet;
			buildPhase = 8CFF95FB2D2960B5005CA3BD /* Sources */;
			membershipExceptions = (
				Assets.xcassets,
			);
		};
/* End PBXFileSystemSynchronizedGroupBuildPhaseMembershipExceptionSet section */

/* Begin PBXFileSystemSynchronizedRootGroup section */
		8C7E36302D2C3E1900CE807C /* RLLM */ = {
			isa = PBXFileSystemSynchronizedRootGroup;
			exceptions = (
				8C7E366E2D2C3E2900CE807C /* Exceptions for "RLLM" folder in "RLLM" target */,
				8C7E36702D2C3E2D00CE807C /* Exceptions for "RLLM" folder in "Compile Sources" phase from "RLLM" target */,
			);
			path = RLLM;
			sourceTree = "<group>";
		};
/* End PBXFileSystemSynchronizedRootGroup section */

/* Begin PBXFrameworksBuildPhase section */
		8CFF95FC2D2960B5005CA3BD /* Frameworks */ = {
			isa = PBXFrameworksBuildPhase;
			buildActionMask = 2147483647;
			files = (
				8C9158552D33DCD0000E82E5 /* Toast in Frameworks */,
				8C3C81822D29612E00A5F7D5 /* Alamofire in Frameworks */,
				8C3C81842D29613900A5F7D5 /* FeedKit in Frameworks */,
			);
			runOnlyForDeploymentPostprocessing = 0;
		};
		8CFF960E2D2960B6005CA3BD /* Frameworks */ = {
			isa = PBXFrameworksBuildPhase;
			buildActionMask = 2147483647;
			files = (
			);
			runOnlyForDeploymentPostprocessing = 0;
		};
		8CFF96182D2960B6005CA3BD /* Frameworks */ = {
			isa = PBXFrameworksBuildPhase;
			buildActionMask = 2147483647;
			files = (
			);
			runOnlyForDeploymentPostprocessing = 0;
		};
/* End PBXFrameworksBuildPhase section */

/* Begin PBXGroup section */
		8C9158532D33DCD0000E82E5 /* Frameworks */ = {
			isa = PBXGroup;
			children = (
			);
			name = Frameworks;
			sourceTree = "<group>";
		};
		8CFF95F62D2960B5005CA3BD = {
			isa = PBXGroup;
			children = (
				8C7E36302D2C3E1900CE807C /* RLLM */,
				8C9158532D33DCD0000E82E5 /* Frameworks */,
				8CFF96002D2960B5005CA3BD /* Products */,
			);
			sourceTree = "<group>";
		};
		8CFF96002D2960B5005CA3BD /* Products */ = {
			isa = PBXGroup;
			children = (
				8CFF95FF2D2960B5005CA3BD /* RLLM.app */,
				8CFF96112D2960B6005CA3BD /* RLLMTests.xctest */,
				8CFF961B2D2960B6005CA3BD /* RLLMUITests.xctest */,
			);
			name = Products;
			sourceTree = "<group>";
		};
/* End PBXGroup section */

/* Begin PBXNativeTarget section */
		8CFF95FE2D2960B5005CA3BD /* RLLM */ = {
			isa = PBXNativeTarget;
			buildConfigurationList = 8CFF96252D2960B6005CA3BD /* Build configuration list for PBXNativeTarget "RLLM" */;
			buildPhases = (
				8CFF95FB2D2960B5005CA3BD /* Sources */,
				8CFF95FC2D2960B5005CA3BD /* Frameworks */,
				8CFF95FD2D2960B5005CA3BD /* Resources */,
			);
			buildRules = (
			);
			dependencies = (
			);
			fileSystemSynchronizedGroups = (
				8C7E36302D2C3E1900CE807C /* RLLM */,
			);
			name = RLLM;
			packageProductDependencies = (
				8C3C81812D29612E00A5F7D5 /* Alamofire */,
				8C3C81832D29613900A5F7D5 /* FeedKit */,
				8C9158542D33DCD0000E82E5 /* Toast */,
			);
			productName = RLLM;
			productReference = 8CFF95FF2D2960B5005CA3BD /* RLLM.app */;
			productType = "com.apple.product-type.application";
		};
		8CFF96102D2960B6005CA3BD /* RLLMTests */ = {
			isa = PBXNativeTarget;
			buildConfigurationList = 8CFF96282D2960B6005CA3BD /* Build configuration list for PBXNativeTarget "RLLMTests" */;
			buildPhases = (
				8CFF960D2D2960B6005CA3BD /* Sources */,
				8CFF960E2D2960B6005CA3BD /* Frameworks */,
				8CFF960F2D2960B6005CA3BD /* Resources */,
			);
			buildRules = (
			);
			dependencies = (
				8CFF96132D2960B6005CA3BD /* PBXTargetDependency */,
			);
			name = RLLMTests;
			packageProductDependencies = (
			);
			productName = RLLMTests;
			productReference = 8CFF96112D2960B6005CA3BD /* RLLMTests.xctest */;
			productType = "com.apple.product-type.bundle.unit-test";
		};
		8CFF961A2D2960B6005CA3BD /* RLLMUITests */ = {
			isa = PBXNativeTarget;
			buildConfigurationList = 8CFF962B2D2960B6005CA3BD /* Build configuration list for PBXNativeTarget "RLLMUITests" */;
			buildPhases = (
				8CFF96172D2960B6005CA3BD /* Sources */,
				8CFF96182D2960B6005CA3BD /* Frameworks */,
				8CFF96192D2960B6005CA3BD /* Resources */,
			);
			buildRules = (
			);
			dependencies = (
				8CFF961D2D2960B6005CA3BD /* PBXTargetDependency */,
			);
			name = RLLMUITests;
			packageProductDependencies = (
			);
			productName = RLLMUITests;
			productReference = 8CFF961B2D2960B6005CA3BD /* RLLMUITests.xctest */;
			productType = "com.apple.product-type.bundle.ui-testing";
		};
/* End PBXNativeTarget section */

/* Begin PBXProject section */
		8CFF95F72D2960B5005CA3BD /* Project object */ = {
			isa = PBXProject;
			attributes = {
				BuildIndependentTargetsInParallel = 1;
				LastSwiftUpdateCheck = 1610;
				LastUpgradeCheck = 1610;
				TargetAttributes = {
					8CFF95FE2D2960B5005CA3BD = {
						CreatedOnToolsVersion = 16.1;
					};
					8CFF96102D2960B6005CA3BD = {
						CreatedOnToolsVersion = 16.1;
						TestTargetID = 8CFF95FE2D2960B5005CA3BD;
					};
					8CFF961A2D2960B6005CA3BD = {
						CreatedOnToolsVersion = 16.1;
						TestTargetID = 8CFF95FE2D2960B5005CA3BD;
					};
				};
			};
			buildConfigurationList = 8CFF95FA2D2960B5005CA3BD /* Build configuration list for PBXProject "RLLM" */;
			developmentRegion = en;
			hasScannedForEncodings = 0;
			knownRegions = (
				en,
				Base,
			);
			mainGroup = 8CFF95F62D2960B5005CA3BD;
			minimizedProjectReferenceProxies = 1;
			packageReferences = (
				8C3C817F2D29610E00A5F7D5 /* XCRemoteSwiftPackageReference "FeedKit" */,
				8C3C81802D29611F00A5F7D5 /* XCRemoteSwiftPackageReference "Alamofire" */,
				8C9158522D33DC56000E82E5 /* XCRemoteSwiftPackageReference "toast-swift" */,
			);
			preferredProjectObjectVersion = 77;
			productRefGroup = 8CFF96002D2960B5005CA3BD /* Products */;
			projectDirPath = "";
			projectRoot = "";
			targets = (
				8CFF95FE2D2960B5005CA3BD /* RLLM */,
				8CFF96102D2960B6005CA3BD /* RLLMTests */,
				8CFF961A2D2960B6005CA3BD /* RLLMUITests */,
			);
		};
/* End PBXProject section */

/* Begin PBXResourcesBuildPhase section */
		8CFF95FD2D2960B5005CA3BD /* Resources */ = {
			isa = PBXResourcesBuildPhase;
			buildActionMask = 2147483647;
			files = (
			);
			runOnlyForDeploymentPostprocessing = 0;
		};
		8CFF960F2D2960B6005CA3BD /* Resources */ = {
			isa = PBXResourcesBuildPhase;
			buildActionMask = 2147483647;
			files = (
			);
			runOnlyForDeploymentPostprocessing = 0;
		};
		8CFF96192D2960B6005CA3BD /* Resources */ = {
			isa = PBXResourcesBuildPhase;
			buildActionMask = 2147483647;
			files = (
			);
			runOnlyForDeploymentPostprocessing = 0;
		};
/* End PBXResourcesBuildPhase section */

/* Begin PBXSourcesBuildPhase section */
		8CFF95FB2D2960B5005CA3BD /* Sources */ = {
			isa = PBXSourcesBuildPhase;
			buildActionMask = 2147483647;
			files = (
			);
			runOnlyForDeploymentPostprocessing = 0;
		};
		8CFF960D2D2960B6005CA3BD /* Sources */ = {
			isa = PBXSourcesBuildPhase;
			buildActionMask = 2147483647;
			files = (
			);
			runOnlyForDeploymentPostprocessing = 0;
		};
		8CFF96172D2960B6005CA3BD /* Sources */ = {
			isa = PBXSourcesBuildPhase;
			buildActionMask = 2147483647;
			files = (
			);
			runOnlyForDeploymentPostprocessing = 0;
		};
/* End PBXSourcesBuildPhase section */

/* Begin PBXTargetDependency section */
		8CFF96132D2960B6005CA3BD /* PBXTargetDependency */ = {
			isa = PBXTargetDependency;
			target = 8CFF95FE2D2960B5005CA3BD /* RLLM */;
			targetProxy = 8CFF96122D2960B6005CA3BD /* PBXContainerItemProxy */;
		};
		8CFF961D2D2960B6005CA3BD /* PBXTargetDependency */ = {
			isa = PBXTargetDependency;
			target = 8CFF95FE2D2960B5005CA3BD /* RLLM */;
			targetProxy = 8CFF961C2D2960B6005CA3BD /* PBXContainerItemProxy */;
		};
/* End PBXTargetDependency section */

/* Begin XCBuildConfiguration section */
		8CFF96232D2960B6005CA3BD /* Debug */ = {
			isa = XCBuildConfiguration;
			buildSettings = {
				ALWAYS_SEARCH_USER_PATHS = NO;
				ASSETCATALOG_COMPILER_GENERATE_SWIFT_ASSET_SYMBOL_EXTENSIONS = YES;
				CLANG_ANALYZER_NONNULL = YES;
				CLANG_ANALYZER_NUMBER_OBJECT_CONVERSION = YES_AGGRESSIVE;
				CLANG_CXX_LANGUAGE_STANDARD = "gnu++20";
				CLANG_ENABLE_MODULES = YES;
				CLANG_ENABLE_OBJC_ARC = YES;
				CLANG_ENABLE_OBJC_WEAK = YES;
				CLANG_WARN_BLOCK_CAPTURE_AUTORELEASING = YES;
				CLANG_WARN_BOOL_CONVERSION = YES;
				CLANG_WARN_COMMA = YES;
				CLANG_WARN_CONSTANT_CONVERSION = YES;
				CLANG_WARN_DEPRECATED_OBJC_IMPLEMENTATIONS = YES;
				CLANG_WARN_DIRECT_OBJC_ISA_USAGE = YES_ERROR;
				CLANG_WARN_DOCUMENTATION_COMMENTS = YES;
				CLANG_WARN_EMPTY_BODY = YES;
				CLANG_WARN_ENUM_CONVERSION = YES;
				CLANG_WARN_INFINITE_RECURSION = YES;
				CLANG_WARN_INT_CONVERSION = YES;
				CLANG_WARN_NON_LITERAL_NULL_CONVERSION = YES;
				CLANG_WARN_OBJC_IMPLICIT_RETAIN_SELF = YES;
				CLANG_WARN_OBJC_LITERAL_CONVERSION = YES;
				CLANG_WARN_OBJC_ROOT_CLASS = YES_ERROR;
				CLANG_WARN_QUOTED_INCLUDE_IN_FRAMEWORK_HEADER = YES;
				CLANG_WARN_RANGE_LOOP_ANALYSIS = YES;
				CLANG_WARN_STRICT_PROTOTYPES = YES;
				CLANG_WARN_SUSPICIOUS_MOVE = YES;
				CLANG_WARN_UNGUARDED_AVAILABILITY = YES_AGGRESSIVE;
				CLANG_WARN_UNREACHABLE_CODE = YES;
				CLANG_WARN__DUPLICATE_METHOD_MATCH = YES;
				CODE_SIGNING_ALLOWED = YES;
				COPY_PHASE_STRIP = NO;
				DEBUG_INFORMATION_FORMAT = dwarf;
				ENABLE_STRICT_OBJC_MSGSEND = YES;
				ENABLE_TESTABILITY = YES;
				ENABLE_USER_SCRIPT_SANDBOXING = YES;
				GCC_C_LANGUAGE_STANDARD = gnu17;
				GCC_DYNAMIC_NO_PIC = NO;
				GCC_NO_COMMON_BLOCKS = YES;
				GCC_OPTIMIZATION_LEVEL = 0;
				GCC_PREPROCESSOR_DEFINITIONS = (
					"DEBUG=1",
					"$(inherited)",
				);
				GCC_WARN_64_TO_32_BIT_CONVERSION = YES;
				GCC_WARN_ABOUT_RETURN_TYPE = YES_ERROR;
				GCC_WARN_UNDECLARED_SELECTOR = YES;
				GCC_WARN_UNINITIALIZED_AUTOS = YES_AGGRESSIVE;
				GCC_WARN_UNUSED_FUNCTION = YES;
				GCC_WARN_UNUSED_VARIABLE = YES;
				IPHONEOS_DEPLOYMENT_TARGET = 18.1;
				LOCALIZATION_PREFERS_STRING_CATALOGS = YES;
				MTL_ENABLE_DEBUG_INFO = INCLUDE_SOURCE;
				MTL_FAST_MATH = YES;
				ONLY_ACTIVE_ARCH = YES;
				SDKROOT = iphoneos;
				SWIFT_ACTIVE_COMPILATION_CONDITIONS = "DEBUG $(inherited)";
				SWIFT_OPTIMIZATION_LEVEL = "-Onone";
			};
			name = Debug;
		};
		8CFF96242D2960B6005CA3BD /* Release */ = {
			isa = XCBuildConfiguration;
			buildSettings = {
				ALWAYS_SEARCH_USER_PATHS = NO;
				ASSETCATALOG_COMPILER_GENERATE_SWIFT_ASSET_SYMBOL_EXTENSIONS = YES;
				CLANG_ANALYZER_NONNULL = YES;
				CLANG_ANALYZER_NUMBER_OBJECT_CONVERSION = YES_AGGRESSIVE;
				CLANG_CXX_LANGUAGE_STANDARD = "gnu++20";
				CLANG_ENABLE_MODULES = YES;
				CLANG_ENABLE_OBJC_ARC = YES;
				CLANG_ENABLE_OBJC_WEAK = YES;
				CLANG_WARN_BLOCK_CAPTURE_AUTORELEASING = YES;
				CLANG_WARN_BOOL_CONVERSION = YES;
				CLANG_WARN_COMMA = YES;
				CLANG_WARN_CONSTANT_CONVERSION = YES;
				CLANG_WARN_DEPRECATED_OBJC_IMPLEMENTATIONS = YES;
				CLANG_WARN_DIRECT_OBJC_ISA_USAGE = YES_ERROR;
				CLANG_WARN_DOCUMENTATION_COMMENTS = YES;
				CLANG_WARN_EMPTY_BODY = YES;
				CLANG_WARN_ENUM_CONVERSION = YES;
				CLANG_WARN_INFINITE_RECURSION = YES;
				CLANG_WARN_INT_CONVERSION = YES;
				CLANG_WARN_NON_LITERAL_NULL_CONVERSION = YES;
				CLANG_WARN_OBJC_IMPLICIT_RETAIN_SELF = YES;
				CLANG_WARN_OBJC_LITERAL_CONVERSION = YES;
				CLANG_WARN_OBJC_ROOT_CLASS = YES_ERROR;
				CLANG_WARN_QUOTED_INCLUDE_IN_FRAMEWORK_HEADER = YES;
				CLANG_WARN_RANGE_LOOP_ANALYSIS = YES;
				CLANG_WARN_STRICT_PROTOTYPES = YES;
				CLANG_WARN_SUSPICIOUS_MOVE = YES;
				CLANG_WARN_UNGUARDED_AVAILABILITY = YES_AGGRESSIVE;
				CLANG_WARN_UNREACHABLE_CODE = YES;
				CLANG_WARN__DUPLICATE_METHOD_MATCH = YES;
				CODE_SIGNING_ALLOWED = NO;
				COPY_PHASE_STRIP = NO;
				DEBUG_INFORMATION_FORMAT = "dwarf-with-dsym";
				ENABLE_NS_ASSERTIONS = NO;
				ENABLE_STRICT_OBJC_MSGSEND = YES;
				ENABLE_USER_SCRIPT_SANDBOXING = YES;
				GCC_C_LANGUAGE_STANDARD = gnu17;
				GCC_NO_COMMON_BLOCKS = YES;
				GCC_WARN_64_TO_32_BIT_CONVERSION = YES;
				GCC_WARN_ABOUT_RETURN_TYPE = YES_ERROR;
				GCC_WARN_UNDECLARED_SELECTOR = YES;
				GCC_WARN_UNINITIALIZED_AUTOS = YES_AGGRESSIVE;
				GCC_WARN_UNUSED_FUNCTION = YES;
				GCC_WARN_UNUSED_VARIABLE = YES;
				IPHONEOS_DEPLOYMENT_TARGET = 18.1;
				LOCALIZATION_PREFERS_STRING_CATALOGS = YES;
				MTL_ENABLE_DEBUG_INFO = NO;
				MTL_FAST_MATH = YES;
				SDKROOT = iphoneos;
				SWIFT_COMPILATION_MODE = wholemodule;
				VALIDATE_PRODUCT = YES;
			};
			name = Release;
		};
		8CFF96262D2960B6005CA3BD /* Debug */ = {
			isa = XCBuildConfiguration;
			buildSettings = {
				ASSETCATALOG_COMPILER_APPICON_NAME = AppIcon;
				ASSETCATALOG_COMPILER_GLOBAL_ACCENT_COLOR_NAME = AccentColor;
				ASSETCATALOG_COMPILER_INCLUDE_ALL_APPICON_ASSETS = NO;
				CODE_SIGN_STYLE = Automatic;
				CURRENT_PROJECT_VERSION = onlyfortest;
				DEVELOPMENT_ASSET_PATHS = "RLLM/Preview\\ Content";
				DEVELOPMENT_TEAM = 77U54682YX;
				ENABLE_PREVIEWS = YES;
				GENERATE_INFOPLIST_FILE = YES;
				INFOPLIST_FILE = RLLM/Info.plist;
				INFOPLIST_KEY_CFBundleDisplayName = RLLM;
				INFOPLIST_KEY_LSApplicationCategoryType = "public.app-category.news";
				INFOPLIST_KEY_UIApplicationSceneManifest_Generation = YES;
				INFOPLIST_KEY_UIApplicationSupportsIndirectInputEvents = YES;
				INFOPLIST_KEY_UILaunchScreen_Generation = YES;
				INFOPLIST_KEY_UIStatusBarStyle = "";
				INFOPLIST_KEY_UISupportedInterfaceOrientations_iPad = "UIInterfaceOrientationPortrait UIInterfaceOrientationPortraitUpsideDown UIInterfaceOrientationLandscapeLeft UIInterfaceOrientationLandscapeRight";
				INFOPLIST_KEY_UISupportedInterfaceOrientations_iPhone = "UIInterfaceOrientationPortrait UIInterfaceOrientationLandscapeLeft UIInterfaceOrientationLandscapeRight";
				IPHONEOS_DEPLOYMENT_TARGET = 17.0;
				LD_RUNPATH_SEARCH_PATHS = (
					"$(inherited)",
					"@executable_path/Frameworks",
				);
				MARKETING_VERSION = 0.2.2;
				PRODUCT_BUNDLE_IDENTIFIER = xy0v0.RLLM;
				PRODUCT_NAME = "$(TARGET_NAME)";
				SUPPORTED_PLATFORMS = "iphoneos iphonesimulator";
				SUPPORTS_MACCATALYST = NO;
				SUPPORTS_MAC_DESIGNED_FOR_IPHONE_IPAD = NO;
				SUPPORTS_XR_DESIGNED_FOR_IPHONE_IPAD = NO;
				SWIFT_EMIT_LOC_STRINGS = YES;
				SWIFT_VERSION = 5.0;
				TARGETED_DEVICE_FAMILY = "1,2";
			};
			name = Debug;
		};
		8CFF96272D2960B6005CA3BD /* Release */ = {
			isa = XCBuildConfiguration;
			buildSettings = {
				ASSETCATALOG_COMPILER_APPICON_NAME = AppIcon;
				ASSETCATALOG_COMPILER_GLOBAL_ACCENT_COLOR_NAME = AccentColor;
				ASSETCATALOG_COMPILER_INCLUDE_ALL_APPICON_ASSETS = NO;
				CODE_SIGN_STYLE = Automatic;
				CURRENT_PROJECT_VERSION = onlyfortest;
				DEVELOPMENT_ASSET_PATHS = "RLLM/Preview\\ Content";
				DEVELOPMENT_TEAM = 77U54682YX;
				ENABLE_PREVIEWS = YES;
				GENERATE_INFOPLIST_FILE = YES;
				INFOPLIST_FILE = RLLM/Info.plist;
				INFOPLIST_KEY_CFBundleDisplayName = RLLM;
				INFOPLIST_KEY_LSApplicationCategoryType = "public.app-category.news";
				INFOPLIST_KEY_UIApplicationSceneManifest_Generation = YES;
				INFOPLIST_KEY_UIApplicationSupportsIndirectInputEvents = YES;
				INFOPLIST_KEY_UILaunchScreen_Generation = YES;
				INFOPLIST_KEY_UIStatusBarStyle = "";
				INFOPLIST_KEY_UISupportedInterfaceOrientations_iPad = "UIInterfaceOrientationPortrait UIInterfaceOrientationPortraitUpsideDown UIInterfaceOrientationLandscapeLeft UIInterfaceOrientationLandscapeRight";
				INFOPLIST_KEY_UISupportedInterfaceOrientations_iPhone = "UIInterfaceOrientationPortrait UIInterfaceOrientationLandscapeLeft UIInterfaceOrientationLandscapeRight";
				IPHONEOS_DEPLOYMENT_TARGET = 17.0;
				LD_RUNPATH_SEARCH_PATHS = (
					"$(inherited)",
					"@executable_path/Frameworks",
				);
				MARKETING_VERSION = 0.2.2;
				PRODUCT_BUNDLE_IDENTIFIER = xy0v0.RLLM;
				PRODUCT_NAME = "$(TARGET_NAME)";
				SUPPORTED_PLATFORMS = "iphoneos iphonesimulator";
				SUPPORTS_MACCATALYST = NO;
				SUPPORTS_MAC_DESIGNED_FOR_IPHONE_IPAD = NO;
				SUPPORTS_XR_DESIGNED_FOR_IPHONE_IPAD = NO;
				SWIFT_EMIT_LOC_STRINGS = YES;
				SWIFT_VERSION = 5.0;
				TARGETED_DEVICE_FAMILY = "1,2";
			};
			name = Release;
		};
		8CFF96292D2960B6005CA3BD /* Debug */ = {
			isa = XCBuildConfiguration;
			buildSettings = {
				BUNDLE_LOADER = "$(TEST_HOST)";
				CODE_SIGN_STYLE = Automatic;
				CURRENT_PROJECT_VERSION = 1;
				DEVELOPMENT_TEAM = 77U54682YX;
				GENERATE_INFOPLIST_FILE = YES;
				IPHONEOS_DEPLOYMENT_TARGET = 18.1;
				MARKETING_VERSION = 1.0;
				PRODUCT_BUNDLE_IDENTIFIER = xy0v0.RLLMTests;
				PRODUCT_NAME = "$(TARGET_NAME)";
				SWIFT_EMIT_LOC_STRINGS = NO;
				SWIFT_VERSION = 5.0;
				TARGETED_DEVICE_FAMILY = "1,2";
				TEST_HOST = "$(BUILT_PRODUCTS_DIR)/RLLM.app/$(BUNDLE_EXECUTABLE_FOLDER_PATH)/RLLM";
			};
			name = Debug;
		};
		8CFF962A2D2960B6005CA3BD /* Release */ = {
			isa = XCBuildConfiguration;
			buildSettings = {
				BUNDLE_LOADER = "$(TEST_HOST)";
				CODE_SIGN_STYLE = Automatic;
				CURRENT_PROJECT_VERSION = 1;
				DEVELOPMENT_TEAM = 77U54682YX;
				GENERATE_INFOPLIST_FILE = YES;
				IPHONEOS_DEPLOYMENT_TARGET = 18.1;
				MARKETING_VERSION = 1.0;
				PRODUCT_BUNDLE_IDENTIFIER = xy0v0.RLLMTests;
				PRODUCT_NAME = "$(TARGET_NAME)";
				SWIFT_EMIT_LOC_STRINGS = NO;
				SWIFT_VERSION = 5.0;
				TARGETED_DEVICE_FAMILY = "1,2";
				TEST_HOST = "$(BUILT_PRODUCTS_DIR)/RLLM.app/$(BUNDLE_EXECUTABLE_FOLDER_PATH)/RLLM";
			};
			name = Release;
		};
		8CFF962C2D2960B6005CA3BD /* Debug */ = {
			isa = XCBuildConfiguration;
			buildSettings = {
				CODE_SIGN_STYLE = Automatic;
				CURRENT_PROJECT_VERSION = 1;
				DEVELOPMENT_TEAM = 77U54682YX;
				GENERATE_INFOPLIST_FILE = YES;
				MARKETING_VERSION = 1.0;
				PRODUCT_BUNDLE_IDENTIFIER = xy0v0.RLLMUITests;
				PRODUCT_NAME = "$(TARGET_NAME)";
				SWIFT_EMIT_LOC_STRINGS = NO;
				SWIFT_VERSION = 5.0;
				TARGETED_DEVICE_FAMILY = "1,2";
				TEST_TARGET_NAME = RLLM;
			};
			name = Debug;
		};
		8CFF962D2D2960B6005CA3BD /* Release */ = {
			isa = XCBuildConfiguration;
			buildSettings = {
				CODE_SIGN_STYLE = Automatic;
				CURRENT_PROJECT_VERSION = 1;
				DEVELOPMENT_TEAM = 77U54682YX;
				GENERATE_INFOPLIST_FILE = YES;
				MARKETING_VERSION = 1.0;
				PRODUCT_BUNDLE_IDENTIFIER = xy0v0.RLLMUITests;
				PRODUCT_NAME = "$(TARGET_NAME)";
				SWIFT_EMIT_LOC_STRINGS = NO;
				SWIFT_VERSION = 5.0;
				TARGETED_DEVICE_FAMILY = "1,2";
				TEST_TARGET_NAME = RLLM;
			};
			name = Release;
		};
/* End XCBuildConfiguration section */

/* Begin XCConfigurationList section */
		8CFF95FA2D2960B5005CA3BD /* Build configuration list for PBXProject "RLLM" */ = {
			isa = XCConfigurationList;
			buildConfigurations = (
				8CFF96232D2960B6005CA3BD /* Debug */,
				8CFF96242D2960B6005CA3BD /* Release */,
			);
			defaultConfigurationIsVisible = 0;
			defaultConfigurationName = Release;
		};
		8CFF96252D2960B6005CA3BD /* Build configuration list for PBXNativeTarget "RLLM" */ = {
			isa = XCConfigurationList;
			buildConfigurations = (
				8CFF96262D2960B6005CA3BD /* Debug */,
				8CFF96272D2960B6005CA3BD /* Release */,
			);
			defaultConfigurationIsVisible = 0;
			defaultConfigurationName = Release;
		};
		8CFF96282D2960B6005CA3BD /* Build configuration list for PBXNativeTarget "RLLMTests" */ = {
			isa = XCConfigurationList;
			buildConfigurations = (
				8CFF96292D2960B6005CA3BD /* Debug */,
				8CFF962A2D2960B6005CA3BD /* Release */,
			);
			defaultConfigurationIsVisible = 0;
			defaultConfigurationName = Release;
		};
		8CFF962B2D2960B6005CA3BD /* Build configuration list for PBXNativeTarget "RLLMUITests" */ = {
			isa = XCConfigurationList;
			buildConfigurations = (
				8CFF962C2D2960B6005CA3BD /* Debug */,
				8CFF962D2D2960B6005CA3BD /* Release */,
			);
			defaultConfigurationIsVisible = 0;
			defaultConfigurationName = Release;
		};
/* End XCConfigurationList section */

/* Begin XCRemoteSwiftPackageReference section */
		8C3C817F2D29610E00A5F7D5 /* XCRemoteSwiftPackageReference "FeedKit" */ = {
			isa = XCRemoteSwiftPackageReference;
			repositoryURL = "https://github.com/nmdias/FeedKit.git";
			requirement = {
				kind = upToNextMajorVersion;
				minimumVersion = 9.1.2;
			};
		};
		8C3C81802D29611F00A5F7D5 /* XCRemoteSwiftPackageReference "Alamofire" */ = {
			isa = XCRemoteSwiftPackageReference;
			repositoryURL = "https://github.com/Alamofire/Alamofire";
			requirement = {
				kind = upToNextMajorVersion;
				minimumVersion = 5.10.2;
			};
		};
		8C9158522D33DC56000E82E5 /* XCRemoteSwiftPackageReference "toast-swift" */ = {
			isa = XCRemoteSwiftPackageReference;
			repositoryURL = "https://github.com/BastiaanJansen/toast-swift";
			requirement = {
				kind = upToNextMajorVersion;
				minimumVersion = 2.1.3;
			};
		};
/* End XCRemoteSwiftPackageReference section */

/* Begin XCSwiftPackageProductDependency section */
		8C3C81812D29612E00A5F7D5 /* Alamofire */ = {
			isa = XCSwiftPackageProductDependency;
			package = 8C3C81802D29611F00A5F7D5 /* XCRemoteSwiftPackageReference "Alamofire" */;
			productName = Alamofire;
		};
		8C3C81832D29613900A5F7D5 /* FeedKit */ = {
			isa = XCSwiftPackageProductDependency;
			package = 8C3C817F2D29610E00A5F7D5 /* XCRemoteSwiftPackageReference "FeedKit" */;
			productName = FeedKit;
		};
		8C9158542D33DCD0000E82E5 /* Toast */ = {
			isa = XCSwiftPackageProductDependency;
			package = 8C9158522D33DC56000E82E5 /* XCRemoteSwiftPackageReference "toast-swift" */;
			productName = Toast;
		};
/* End XCSwiftPackageProductDependency section */
	};
	rootObject = 8CFF95F72D2960B5005CA3BD /* Project object */;
}
